
Microsoft Visual Studio Solution File, Format Version 12.00
# Visual Studio 2012
Project("{FAE04EC0-301F-11D3-BF4B-00C04F79EFBC}") = "CleanApp", "CleanApp\CleanApp.csproj", "{042AE911-CF9E-4785-9802-6E169E2B8B8B}"
EndProject
Project("{FAE04EC0-301F-11D3-BF4B-00C04F79EFBC}") = "ConsoleApplication1", "ConsoleApplication1\ConsoleApplication1.csproj", "{32F69A33-17F4-450C-AEEE-8E4BCB0D4EF9}"
EndProject
Project("{FAE04EC0-301F-11D3-BF4B-00C04F79EFBC}") = "ConsoleApplication2", "ConsoleApplication2\ConsoleApplication2.csproj", "{4640584F-A36B-4D1A-B27F-F7F508FF4324}"
EndProject
Project("{2150E333-8FDC-42A3-9474-1A3956D46DE8}") = ".nuget", ".nuget", "{3C9BD5A3-B052-4E46-90D4-CB6794D89C1B}"
	ProjectSection(SolutionItems) = preProject
		.nuget\NuGet.Config = .nuget\NuGet.Config
		.nuget\NuGet.exe = .nuget\NuGet.exe
		.nuget\NuGet.targets = .nuget\NuGet.targets
	EndProjectSection
EndProject
Global
	GlobalSection(SolutionConfigurationPlatforms) = preSolution
		Debug|Any CPU = Debug|Any CPU
		Release|Any CPU = Release|Any CPU
	EndGlobalSection
	GlobalSection(ProjectConfigurationPlatforms) = postSolution
		{042AE911-CF9E-4785-9802-6E169E2B8B8B}.Debug|Any CPU.ActiveCfg = Debug|Any CPU
		{042AE911-CF9E-4785-9802-6E169E2B8B8B}.Debug|Any CPU.Build.0 = Debug|Any CPU
		{042AE911-CF9E-4785-9802-6E169E2B8B8B}.Release|Any CPU.ActiveCfg = Release|Any CPU
		{042AE911-CF9E-4785-9802-6E169E2B8B8B}.Release|Any CPU.Build.0 = Release|Any CPU
		{32F69A33-17F4-450C-AEEE-8E4BCB0D4EF9}.Debug|Any CPU.ActiveCfg = Debug|Any CPU
		{32F69A33-17F4-450C-AEEE-8E4BCB0D4EF9}.Debug|Any CPU.Build.0 = Debug|Any CPU
		{32F69A33-17F4-450C-AEEE-8E4BCB0D4EF9}.Release|Any CPU.ActiveCfg = Release|Any CPU
		{32F69A33-17F4-450C-AEEE-8E4BCB0D4EF9}.Release|Any CPU.Build.0 = Release|Any CPU
		{4640584F-A36B-4D1A-B27F-F7F508FF4324}.Debug|Any CPU.ActiveCfg = Debug|Any CPU
		{4640584F-A36B-4D1A-B27F-F7F508FF4324}.Debug|Any CPU.Build.0 = Debug|Any CPU
		{4640584F-A36B-4D1A-B27F-F7F508FF4324}.Release|Any CPU.ActiveCfg = Release|Any CPU
		{4640584F-A36B-4D1A-B27F-F7F508FF4324}.Release|Any CPU.Build.0 = Release|Any CPU
	EndGlobalSection
	GlobalSection(SolutionProperties) = preSolution
		HideSolutionNode = FALSE
	EndGlobalSection
EndGlobal
